{
    "version": 3,
    "terraform_version": "0.11.8",
    "serial": 5,
    "lineage": "0030cf71-d16a-cd7e-1317-9fc77006a8dd",
    "modules": [
        {
            "path": [
                "root"
            ],
            "outputs": {},
            "resources": {
                "aws_autoscaling_group.microservices-as": {
                    "type": "aws_autoscaling_group",
                    "depends_on": [
                        "aws_launch_configuration.microservices_as_conf",
                        "data.aws_subnet_ids.public-subnets"
                    ],
                    "primary": {
                        "id": "microservices-production",
                        "attributes": {
                            "arn": "arn:aws:autoscaling:eu-west-1:050543387869:autoScalingGroup:27d78618-8606-468f-8f35-9e9f0a353268:autoScalingGroupName/microservices-production",
                            "availability_zones.#": "3",
                            "availability_zones.1924028850": "eu-west-1b",
                            "availability_zones.3953592328": "eu-west-1a",
                            "availability_zones.94988580": "eu-west-1c",
                            "default_cooldown": "300",
                            "desired_capacity": "1",
                            "enabled_metrics.#": "0",
                            "force_delete": "true",
                            "health_check_grace_period": "300",
                            "health_check_type": "EC2",
                            "id": "microservices-production",
                            "launch_configuration": "microservices-production_config20180901171605767700000001",
                            "launch_template.#": "0",
                            "load_balancers.#": "0",
                            "max_size": "4",
                            "metrics_granularity": "1Minute",
                            "min_size": "1",
                            "name": "microservices-production",
                            "placement_group": "",
                            "protect_from_scale_in": "false",
                            "service_linked_role_arn": "arn:aws:iam::050543387869:role/aws-service-role/autoscaling.amazonaws.com/AWSServiceRoleForAutoScaling",
                            "suspended_processes.#": "0",
                            "tag.#": "2",
                            "tag.396121118.key": "Name",
                            "tag.396121118.propagate_at_launch": "true",
                            "tag.396121118.value": "MS production",
                            "tag.477549816.key": "environment",
                            "tag.477549816.propagate_at_launch": "true",
                            "tag.477549816.value": "production",
                            "target_group_arns.#": "0",
                            "termination_policies.#": "0",
                            "vpc_zone_identifier.#": "3",
                            "vpc_zone_identifier.2151423460": "subnet-0dfeee60658962f5b",
                            "vpc_zone_identifier.3480686661": "subnet-0322a4c42e4a00b3b",
                            "vpc_zone_identifier.3706327276": "subnet-014459588003e51d1",
                            "wait_for_capacity_timeout": "10m"
                        },
                        "meta": {
                            "e2bfb730-ecaa-11e6-8f88-34363bc7c4c0": {
                                "delete": 600000000000
                            }
                        },
                        "tainted": false
                    },
                    "deposed": [],
                    "provider": "provider.aws"
                },
                "aws_ecr_repository.laravel": {
                    "type": "aws_ecr_repository",
                    "depends_on": [],
                    "primary": {
                        "id": "laravel",
                        "attributes": {
                            "arn": "arn:aws:ecr:eu-west-1:050543387869:repository/laravel",
                            "id": "laravel",
                            "name": "laravel",
                            "registry_id": "050543387869",
                            "repository_url": "050543387869.dkr.ecr.eu-west-1.amazonaws.com/laravel"
                        },
                        "meta": {},
                        "tainted": false
                    },
                    "deposed": [],
                    "provider": "provider.aws"
                },
                "aws_ecr_repository.nginx": {
                    "type": "aws_ecr_repository",
                    "depends_on": [],
                    "primary": {
                        "id": "nginx",
                        "attributes": {
                            "arn": "arn:aws:ecr:eu-west-1:050543387869:repository/nginx",
                            "id": "nginx",
                            "name": "nginx",
                            "registry_id": "050543387869",
                            "repository_url": "050543387869.dkr.ecr.eu-west-1.amazonaws.com/nginx"
                        },
                        "meta": {},
                        "tainted": false
                    },
                    "deposed": [],
                    "provider": "provider.aws"
                },
                "aws_ecs_cluster.foo": {
                    "type": "aws_ecs_cluster",
                    "depends_on": [],
                    "primary": {
                        "id": "arn:aws:ecs:eu-west-1:050543387869:cluster/microservices-production",
                        "attributes": {
                            "arn": "arn:aws:ecs:eu-west-1:050543387869:cluster/microservices-production",
                            "id": "arn:aws:ecs:eu-west-1:050543387869:cluster/microservices-production",
                            "name": "microservices-production"
                        },
                        "meta": {},
                        "tainted": false
                    },
                    "deposed": [],
                    "provider": "provider.aws"
                },
                "aws_internet_gateway.main": {
                    "type": "aws_internet_gateway",
                    "depends_on": [
                        "aws_vpc.main"
                    ],
                    "primary": {
                        "id": "igw-0d43f973f71840f2c",
                        "attributes": {
                            "id": "igw-0d43f973f71840f2c",
                            "tags.%": "2",
                            "tags.Name": "production Internet Gateway",
                            "tags.environment": "production",
                            "vpc_id": "vpc-0dc8950f69cc2bb1d"
                        },
                        "meta": {},
                        "tainted": false
                    },
                    "deposed": [],
                    "provider": "provider.aws"
                },
                "aws_launch_configuration.microservices_as_conf": {
                    "type": "aws_launch_configuration",
                    "depends_on": [
                        "aws_security_group.access-to-database-security_group",
                        "aws_security_group.ecs-instance-security_group",
                        "aws_security_group.ssh-security_group",
                        "data.aws_ami.ecs-instance",
                        "data.template_file.user_data"
                    ],
                    "primary": {
                        "id": "microservices-production_config20180901171605767700000001",
                        "attributes": {
                            "associate_public_ip_address": "false",
                            "ebs_block_device.#": "0",
                            "ebs_optimized": "false",
                            "enable_monitoring": "true",
                            "ephemeral_block_device.#": "0",
                            "iam_instance_profile": "ecsInstanceRole",
                            "id": "microservices-production_config20180901171605767700000001",
                            "image_id": "ami-0af844a965e5738db",
                            "instance_type": "t3.micro",
                            "key_name": "terraform",
                            "name": "microservices-production_config20180901171605767700000001",
                            "name_prefix": "microservices-production_config",
                            "root_block_device.#": "0",
                            "security_groups.#": "3",
                            "security_groups.1577361506": "sg-07b8f78ec7a6f580b",
                            "security_groups.2615186651": "sg-082a45d2104ad816f",
                            "security_groups.822017633": "sg-0ed18daa3beda4a2e",
                            "spot_price": "",
                            "user_data": "0f62e481e2bd6f0798f9ed6c214da0bc776e4bee",
                            "vpc_classic_link_id": "",
                            "vpc_classic_link_security_groups.#": "0"
                        },
                        "meta": {},
                        "tainted": false
                    },
                    "deposed": [],
                    "provider": "provider.aws"
                },
                "aws_main_route_table_association.public-route-table-as": {
                    "type": "aws_main_route_table_association",
                    "depends_on": [
                        "aws_route_table.public-routing-table",
                        "aws_vpc.main"
                    ],
                    "primary": {
                        "id": "rtbassoc-0365c0961e3bf85ff",
                        "attributes": {
                            "id": "rtbassoc-0365c0961e3bf85ff",
                            "original_route_table_id": "rtb-0af09e80d2b0e9587",
                            "route_table_id": "rtb-08510c483e55f90d6",
                            "vpc_id": "vpc-0dc8950f69cc2bb1d"
                        },
                        "meta": {},
                        "tainted": false
                    },
                    "deposed": [],
                    "provider": "provider.aws"
                },
                "aws_route_table.private-routing-table": {
                    "type": "aws_route_table",
                    "depends_on": [
                        "aws_vpc.main"
                    ],
                    "primary": {
                        "id": "rtb-031a55938763a27ff",
                        "attributes": {
                            "id": "rtb-031a55938763a27ff",
                            "propagating_vgws.#": "0",
                            "route.#": "0",
                            "tags.%": "2",
                            "tags.Name": "production pirvate routing table",
                            "tags.environment": "production",
                            "vpc_id": "vpc-0dc8950f69cc2bb1d"
                        },
                        "meta": {},
                        "tainted": false
                    },
                    "deposed": [],
                    "provider": "provider.aws"
                },
                "aws_route_table.public-routing-table": {
                    "type": "aws_route_table",
                    "depends_on": [
                        "aws_internet_gateway.main",
                        "aws_vpc.main"
                    ],
                    "primary": {
                        "id": "rtb-08510c483e55f90d6",
                        "attributes": {
                            "id": "rtb-08510c483e55f90d6",
                            "propagating_vgws.#": "0",
                            "route.#": "1",
                            "route.1004329065.cidr_block": "0.0.0.0/0",
                            "route.1004329065.egress_only_gateway_id": "",
                            "route.1004329065.gateway_id": "igw-0d43f973f71840f2c",
                            "route.1004329065.instance_id": "",
                            "route.1004329065.ipv6_cidr_block": "",
                            "route.1004329065.nat_gateway_id": "",
                            "route.1004329065.network_interface_id": "",
                            "route.1004329065.vpc_peering_connection_id": "",
                            "tags.%": "2",
                            "tags.Name": "production Main Routing Table",
                            "tags.environment": "production",
                            "vpc_id": "vpc-0dc8950f69cc2bb1d"
                        },
                        "meta": {},
                        "tainted": false
                    },
                    "deposed": [],
                    "provider": "provider.aws"
                },
                "aws_route_table_association.private-subnet-1a": {
                    "type": "aws_route_table_association",
                    "depends_on": [
                        "aws_route_table.private-routing-table",
                        "aws_subnet.private-subnet-1a"
                    ],
                    "primary": {
                        "id": "rtbassoc-025eb97c7fe3f2bd4",
                        "attributes": {
                            "id": "rtbassoc-025eb97c7fe3f2bd4",
                            "route_table_id": "rtb-031a55938763a27ff",
                            "subnet_id": "subnet-00bd5d03a5cd965a3"
                        },
                        "meta": {},
                        "tainted": false
                    },
                    "deposed": [],
                    "provider": "provider.aws"
                },
                "aws_route_table_association.private-subnet-1b": {
                    "type": "aws_route_table_association",
                    "depends_on": [
                        "aws_route_table.private-routing-table",
                        "aws_subnet.private-subnet-1b"
                    ],
                    "primary": {
                        "id": "rtbassoc-0c30e81ed7959235d",
                        "attributes": {
                            "id": "rtbassoc-0c30e81ed7959235d",
                            "route_table_id": "rtb-031a55938763a27ff",
                            "subnet_id": "subnet-0333f20932953fde2"
                        },
                        "meta": {},
                        "tainted": false
                    },
                    "deposed": [],
                    "provider": "provider.aws"
                },
                "aws_route_table_association.private-subnet-1c": {
                    "type": "aws_route_table_association",
                    "depends_on": [
                        "aws_route_table.private-routing-table",
                        "aws_subnet.private-subnet-1c"
                    ],
                    "primary": {
                        "id": "rtbassoc-0c5420bfb82bf10db",
                        "attributes": {
                            "id": "rtbassoc-0c5420bfb82bf10db",
                            "route_table_id": "rtb-031a55938763a27ff",
                            "subnet_id": "subnet-02d561250cc5e9e6a"
                        },
                        "meta": {},
                        "tainted": false
                    },
                    "deposed": [],
                    "provider": "provider.aws"
                },
                "aws_route_table_association.public-subnet-1a": {
                    "type": "aws_route_table_association",
                    "depends_on": [
                        "aws_route_table.public-routing-table",
                        "aws_subnet.public-subnet-1a"
                    ],
                    "primary": {
                        "id": "rtbassoc-0fae345320ff6cfb0",
                        "attributes": {
                            "id": "rtbassoc-0fae345320ff6cfb0",
                            "route_table_id": "rtb-08510c483e55f90d6",
                            "subnet_id": "subnet-0322a4c42e4a00b3b"
                        },
                        "meta": {},
                        "tainted": false
                    },
                    "deposed": [],
                    "provider": "provider.aws"
                },
                "aws_route_table_association.public-subnet-1b": {
                    "type": "aws_route_table_association",
                    "depends_on": [
                        "aws_route_table.public-routing-table",
                        "aws_subnet.public-subnet-1b"
                    ],
                    "primary": {
                        "id": "rtbassoc-0a934700e140c6451",
                        "attributes": {
                            "id": "rtbassoc-0a934700e140c6451",
                            "route_table_id": "rtb-08510c483e55f90d6",
                            "subnet_id": "subnet-0dfeee60658962f5b"
                        },
                        "meta": {},
                        "tainted": false
                    },
                    "deposed": [],
                    "provider": "provider.aws"
                },
                "aws_route_table_association.public-subnet-1c": {
                    "type": "aws_route_table_association",
                    "depends_on": [
                        "aws_route_table.public-routing-table",
                        "aws_subnet.public-subnet-1c"
                    ],
                    "primary": {
                        "id": "rtbassoc-03b048c66027f3921",
                        "attributes": {
                            "id": "rtbassoc-03b048c66027f3921",
                            "route_table_id": "rtb-08510c483e55f90d6",
                            "subnet_id": "subnet-014459588003e51d1"
                        },
                        "meta": {},
                        "tainted": false
                    },
                    "deposed": [],
                    "provider": "provider.aws"
                },
                "aws_security_group.access-to-database-security_group": {
                    "type": "aws_security_group",
                    "depends_on": [
                        "aws_vpc.main"
                    ],
                    "primary": {
                        "id": "sg-07b8f78ec7a6f580b",
                        "attributes": {
                            "arn": "arn:aws:ec2:eu-west-1:050543387869:security-group/sg-07b8f78ec7a6f580b",
                            "description": "Allow any resource in this vpc to connect to the environment database",
                            "egress.#": "0",
                            "id": "sg-07b8f78ec7a6f580b",
                            "ingress.#": "0",
                            "name": "private-database-access-security_group",
                            "owner_id": "050543387869",
                            "revoke_rules_on_delete": "false",
                            "tags.%": "3",
                            "tags.Name": "Database Access",
                            "tags.environment": "production",
                            "tags.role": "access",
                            "vpc_id": "vpc-0dc8950f69cc2bb1d"
                        },
                        "meta": {
                            "e2bfb730-ecaa-11e6-8f88-34363bc7c4c0": {
                                "create": 600000000000,
                                "delete": 600000000000
                            },
                            "schema_version": "1"
                        },
                        "tainted": false
                    },
                    "deposed": [],
                    "provider": "provider.aws"
                },
                "aws_security_group.ecs-instance-security_group": {
                    "type": "aws_security_group",
                    "depends_on": [
                        "aws_security_group.elb-security_group",
                        "aws_vpc.main"
                    ],
                    "primary": {
                        "id": "sg-082a45d2104ad816f",
                        "attributes": {
                            "arn": "arn:aws:ec2:eu-west-1:050543387869:security-group/sg-082a45d2104ad816f",
                            "description": "AWS SG to be attached to any ecs instance running in an ECS cluster to allow connections from an LB to the dynamically allocated ports, this value equals to  /proc/sys/net/ipv4/ip_local_port_range",
                            "egress.#": "1",
                            "egress.482069346.cidr_blocks.#": "1",
                            "egress.482069346.cidr_blocks.0": "0.0.0.0/0",
                            "egress.482069346.description": "",
                            "egress.482069346.from_port": "0",
                            "egress.482069346.ipv6_cidr_blocks.#": "0",
                            "egress.482069346.prefix_list_ids.#": "0",
                            "egress.482069346.protocol": "-1",
                            "egress.482069346.security_groups.#": "0",
                            "egress.482069346.self": "false",
                            "egress.482069346.to_port": "0",
                            "id": "sg-082a45d2104ad816f",
                            "ingress.#": "1",
                            "ingress.1774336673.cidr_blocks.#": "0",
                            "ingress.1774336673.description": "Secure public",
                            "ingress.1774336673.from_port": "32768",
                            "ingress.1774336673.ipv6_cidr_blocks.#": "0",
                            "ingress.1774336673.protocol": "tcp",
                            "ingress.1774336673.security_groups.#": "1",
                            "ingress.1774336673.security_groups.517932984": "sg-0a08443ca7005bd09",
                            "ingress.1774336673.self": "false",
                            "ingress.1774336673.to_port": "60999",
                            "name": "terraform-20180901165152830800000003",
                            "owner_id": "050543387869",
                            "revoke_rules_on_delete": "false",
                            "tags.%": "2",
                            "tags.Name": "production-ECS-SG",
                            "tags.environment": "production",
                            "vpc_id": "vpc-0dc8950f69cc2bb1d"
                        },
                        "meta": {
                            "e2bfb730-ecaa-11e6-8f88-34363bc7c4c0": {
                                "create": 600000000000,
                                "delete": 600000000000
                            },
                            "schema_version": "1"
                        },
                        "tainted": false
                    },
                    "deposed": [],
                    "provider": "provider.aws"
                },
                "aws_security_group.elb-security_group": {
                    "type": "aws_security_group",
                    "depends_on": [
                        "aws_vpc.main"
                    ],
                    "primary": {
                        "id": "sg-0a08443ca7005bd09",
                        "attributes": {
                            "arn": "arn:aws:ec2:eu-west-1:050543387869:security-group/sg-0a08443ca7005bd09",
                            "description": "AWS SG to be attached to any ELB accessing MS, this only to controls access the the ECS instances not the services itself, each MS will be able to control what can access it publically using its own SG",
                            "egress.#": "1",
                            "egress.3822678378.cidr_blocks.#": "0",
                            "egress.3822678378.description": "",
                            "egress.3822678378.from_port": "32768",
                            "egress.3822678378.ipv6_cidr_blocks.#": "0",
                            "egress.3822678378.prefix_list_ids.#": "0",
                            "egress.3822678378.protocol": "tcp",
                            "egress.3822678378.security_groups.#": "1",
                            "egress.3822678378.security_groups.2615186651": "sg-082a45d2104ad816f",
                            "egress.3822678378.self": "false",
                            "egress.3822678378.to_port": "60999",
                            "id": "sg-0a08443ca7005bd09",
                            "ingress.#": "0",
                            "name": "terraform-20180901165149054500000001",
                            "owner_id": "050543387869",
                            "revoke_rules_on_delete": "false",
                            "tags.%": "4",
                            "tags.Name": "production-ELB-MS-SG",
                            "tags.environment": "production",
                            "tags.role": "access",
                            "tags.type": "elb",
                            "vpc_id": "vpc-0dc8950f69cc2bb1d"
                        },
                        "meta": {
                            "e2bfb730-ecaa-11e6-8f88-34363bc7c4c0": {
                                "create": 600000000000,
                                "delete": 600000000000
                            },
                            "schema_version": "1"
                        },
                        "tainted": false
                    },
                    "deposed": [],
                    "provider": "provider.aws"
                },
                "aws_security_group.private-mongodb-security_group": {
                    "type": "aws_security_group",
                    "depends_on": [
                        "aws_security_group.access-to-database-security_group",
                        "aws_vpc.main"
                    ],
                    "primary": {
                        "id": "sg-05966c77c58bf7bd0",
                        "attributes": {
                            "arn": "arn:aws:ec2:eu-west-1:050543387869:security-group/sg-05966c77c58bf7bd0",
                            "description": "mongodb private security group",
                            "egress.#": "1",
                            "egress.482069346.cidr_blocks.#": "1",
                            "egress.482069346.cidr_blocks.0": "0.0.0.0/0",
                            "egress.482069346.description": "",
                            "egress.482069346.from_port": "0",
                            "egress.482069346.ipv6_cidr_blocks.#": "0",
                            "egress.482069346.prefix_list_ids.#": "0",
                            "egress.482069346.protocol": "-1",
                            "egress.482069346.security_groups.#": "0",
                            "egress.482069346.self": "false",
                            "egress.482069346.to_port": "0",
                            "id": "sg-05966c77c58bf7bd0",
                            "ingress.#": "1",
                            "ingress.1452375931.cidr_blocks.#": "0",
                            "ingress.1452375931.description": "",
                            "ingress.1452375931.from_port": "5432",
                            "ingress.1452375931.ipv6_cidr_blocks.#": "0",
                            "ingress.1452375931.protocol": "tcp",
                            "ingress.1452375931.security_groups.#": "1",
                            "ingress.1452375931.security_groups.1577361506": "sg-07b8f78ec7a6f580b",
                            "ingress.1452375931.self": "true",
                            "ingress.1452375931.to_port": "5432",
                            "name": "production mongodb-security_group",
                            "owner_id": "050543387869",
                            "revoke_rules_on_delete": "false",
                            "tags.%": "2",
                            "tags.Name": "Mongodb Database",
                            "tags.environment": "production",
                            "vpc_id": "vpc-0dc8950f69cc2bb1d"
                        },
                        "meta": {
                            "e2bfb730-ecaa-11e6-8f88-34363bc7c4c0": {
                                "create": 600000000000,
                                "delete": 600000000000
                            },
                            "schema_version": "1"
                        },
                        "tainted": false
                    },
                    "deposed": [],
                    "provider": "provider.aws"
                },
                "aws_security_group.public-web-security_group": {
                    "type": "aws_security_group",
                    "depends_on": [
                        "aws_vpc.main"
                    ],
                    "primary": {
                        "id": "sg-0b1928fc183d80f9f",
                        "attributes": {
                            "arn": "arn:aws:ec2:eu-west-1:050543387869:security-group/sg-0b1928fc183d80f9f",
                            "description": "Allow all http/https traffic from anywhere",
                            "egress.#": "1",
                            "egress.482069346.cidr_blocks.#": "1",
                            "egress.482069346.cidr_blocks.0": "0.0.0.0/0",
                            "egress.482069346.description": "",
                            "egress.482069346.from_port": "0",
                            "egress.482069346.ipv6_cidr_blocks.#": "0",
                            "egress.482069346.prefix_list_ids.#": "0",
                            "egress.482069346.protocol": "-1",
                            "egress.482069346.security_groups.#": "0",
                            "egress.482069346.self": "false",
                            "egress.482069346.to_port": "0",
                            "id": "sg-0b1928fc183d80f9f",
                            "ingress.#": "2",
                            "ingress.1175110000.cidr_blocks.#": "1",
                            "ingress.1175110000.cidr_blocks.0": "0.0.0.0/0",
                            "ingress.1175110000.description": "Insecure public",
                            "ingress.1175110000.from_port": "80",
                            "ingress.1175110000.ipv6_cidr_blocks.#": "0",
                            "ingress.1175110000.protocol": "tcp",
                            "ingress.1175110000.security_groups.#": "0",
                            "ingress.1175110000.self": "false",
                            "ingress.1175110000.to_port": "80",
                            "ingress.2656090686.cidr_blocks.#": "1",
                            "ingress.2656090686.cidr_blocks.0": "0.0.0.0/0",
                            "ingress.2656090686.description": "Secure public",
                            "ingress.2656090686.from_port": "443",
                            "ingress.2656090686.ipv6_cidr_blocks.#": "0",
                            "ingress.2656090686.protocol": "tcp",
                            "ingress.2656090686.security_groups.#": "0",
                            "ingress.2656090686.self": "false",
                            "ingress.2656090686.to_port": "443",
                            "name": "terraform-20180901165149532000000002",
                            "owner_id": "050543387869",
                            "revoke_rules_on_delete": "false",
                            "tags.%": "0",
                            "vpc_id": "vpc-0dc8950f69cc2bb1d"
                        },
                        "meta": {
                            "e2bfb730-ecaa-11e6-8f88-34363bc7c4c0": {
                                "create": 600000000000,
                                "delete": 600000000000
                            },
                            "schema_version": "1"
                        },
                        "tainted": false
                    },
                    "deposed": [],
                    "provider": "provider.aws"
                },
                "aws_security_group.ssh-security_group": {
                    "type": "aws_security_group",
                    "depends_on": [
                        "aws_vpc.main"
                    ],
                    "primary": {
                        "id": "sg-0ed18daa3beda4a2e",
                        "attributes": {
                            "arn": "arn:aws:ec2:eu-west-1:050543387869:security-group/sg-0ed18daa3beda4a2e",
                            "description": "Control SSH Access to resources",
                            "egress.#": "0",
                            "id": "sg-0ed18daa3beda4a2e",
                            "ingress.#": "1",
                            "ingress.2541437006.cidr_blocks.#": "1",
                            "ingress.2541437006.cidr_blocks.0": "0.0.0.0/0",
                            "ingress.2541437006.description": "",
                            "ingress.2541437006.from_port": "22",
                            "ingress.2541437006.ipv6_cidr_blocks.#": "0",
                            "ingress.2541437006.protocol": "tcp",
                            "ingress.2541437006.security_groups.#": "0",
                            "ingress.2541437006.self": "false",
                            "ingress.2541437006.to_port": "22",
                            "name": "production ssh-security_group",
                            "owner_id": "050543387869",
                            "revoke_rules_on_delete": "false",
                            "tags.%": "0",
                            "vpc_id": "vpc-0dc8950f69cc2bb1d"
                        },
                        "meta": {
                            "e2bfb730-ecaa-11e6-8f88-34363bc7c4c0": {
                                "create": 600000000000,
                                "delete": 600000000000
                            },
                            "schema_version": "1"
                        },
                        "tainted": false
                    },
                    "deposed": [],
                    "provider": "provider.aws"
                },
                "aws_security_group_rule.access-to-ms-rules": {
                    "type": "aws_security_group_rule",
                    "depends_on": [
                        "aws_security_group.ecs-instance-security_group",
                        "aws_security_group.elb-security_group"
                    ],
                    "primary": {
                        "id": "sgrule-248521532",
                        "attributes": {
                            "cidr_blocks.#": "0",
                            "description": "",
                            "from_port": "32768",
                            "id": "sgrule-248521532",
                            "ipv6_cidr_blocks.#": "0",
                            "prefix_list_ids.#": "0",
                            "protocol": "tcp",
                            "security_group_id": "sg-0a08443ca7005bd09",
                            "self": "false",
                            "source_security_group_id": "sg-082a45d2104ad816f",
                            "to_port": "60999",
                            "type": "egress"
                        },
                        "meta": {
                            "schema_version": "2"
                        },
                        "tainted": false
                    },
                    "deposed": [],
                    "provider": "provider.aws"
                },
                "aws_subnet.private-subnet-1a": {
                    "type": "aws_subnet",
                    "depends_on": [
                        "aws_vpc.main",
                        "data.aws_availability_zones.available"
                    ],
                    "primary": {
                        "id": "subnet-00bd5d03a5cd965a3",
                        "attributes": {
                            "arn": "arn:aws:ec2:eu-west-1:050543387869:subnet/subnet-00bd5d03a5cd965a3",
                            "assign_ipv6_address_on_creation": "false",
                            "availability_zone": "eu-west-1a",
                            "cidr_block": "10.2.4.0/24",
                            "id": "subnet-00bd5d03a5cd965a3",
                            "map_public_ip_on_launch": "false",
                            "tags.%": "3",
                            "tags.Name": "production-private-1a_10.2.4.0",
                            "tags.environment": "production",
                            "tags.public": "false",
                            "vpc_id": "vpc-0dc8950f69cc2bb1d"
                        },
                        "meta": {
                            "schema_version": "1"
                        },
                        "tainted": false
                    },
                    "deposed": [],
                    "provider": "provider.aws"
                },
                "aws_subnet.private-subnet-1b": {
                    "type": "aws_subnet",
                    "depends_on": [
                        "aws_vpc.main",
                        "data.aws_availability_zones.available"
                    ],
                    "primary": {
                        "id": "subnet-0333f20932953fde2",
                        "attributes": {
                            "arn": "arn:aws:ec2:eu-west-1:050543387869:subnet/subnet-0333f20932953fde2",
                            "assign_ipv6_address_on_creation": "false",
                            "availability_zone": "eu-west-1b",
                            "cidr_block": "10.2.5.0/24",
                            "id": "subnet-0333f20932953fde2",
                            "map_public_ip_on_launch": "false",
                            "tags.%": "3",
                            "tags.Name": "production-private-1b_10.2.5.0",
                            "tags.environment": "production",
                            "tags.public": "false",
                            "vpc_id": "vpc-0dc8950f69cc2bb1d"
                        },
                        "meta": {
                            "schema_version": "1"
                        },
                        "tainted": false
                    },
                    "deposed": [],
                    "provider": "provider.aws"
                },
                "aws_subnet.private-subnet-1c": {
                    "type": "aws_subnet",
                    "depends_on": [
                        "aws_vpc.main",
                        "data.aws_availability_zones.available"
                    ],
                    "primary": {
                        "id": "subnet-02d561250cc5e9e6a",
                        "attributes": {
                            "arn": "arn:aws:ec2:eu-west-1:050543387869:subnet/subnet-02d561250cc5e9e6a",
                            "assign_ipv6_address_on_creation": "false",
                            "availability_zone": "eu-west-1c",
                            "cidr_block": "10.2.6.0/24",
                            "id": "subnet-02d561250cc5e9e6a",
                            "map_public_ip_on_launch": "false",
                            "tags.%": "3",
                            "tags.Name": "production-private-1c_10.2.6.0",
                            "tags.environment": "production",
                            "tags.public": "false",
                            "vpc_id": "vpc-0dc8950f69cc2bb1d"
                        },
                        "meta": {
                            "schema_version": "1"
                        },
                        "tainted": false
                    },
                    "deposed": [],
                    "provider": "provider.aws"
                },
                "aws_subnet.public-subnet-1a": {
                    "type": "aws_subnet",
                    "depends_on": [
                        "aws_vpc.main",
                        "data.aws_availability_zones.available"
                    ],
                    "primary": {
                        "id": "subnet-0322a4c42e4a00b3b",
                        "attributes": {
                            "arn": "arn:aws:ec2:eu-west-1:050543387869:subnet/subnet-0322a4c42e4a00b3b",
                            "assign_ipv6_address_on_creation": "false",
                            "availability_zone": "eu-west-1a",
                            "cidr_block": "10.2.1.0/24",
                            "id": "subnet-0322a4c42e4a00b3b",
                            "map_public_ip_on_launch": "true",
                            "tags.%": "3",
                            "tags.Name": "production-public-1a_10.2.1.0",
                            "tags.environment": "production",
                            "tags.public": "true",
                            "vpc_id": "vpc-0dc8950f69cc2bb1d"
                        },
                        "meta": {
                            "schema_version": "1"
                        },
                        "tainted": false
                    },
                    "deposed": [],
                    "provider": "provider.aws"
                },
                "aws_subnet.public-subnet-1b": {
                    "type": "aws_subnet",
                    "depends_on": [
                        "aws_vpc.main",
                        "data.aws_availability_zones.available"
                    ],
                    "primary": {
                        "id": "subnet-0dfeee60658962f5b",
                        "attributes": {
                            "arn": "arn:aws:ec2:eu-west-1:050543387869:subnet/subnet-0dfeee60658962f5b",
                            "assign_ipv6_address_on_creation": "false",
                            "availability_zone": "eu-west-1b",
                            "cidr_block": "10.2.2.0/24",
                            "id": "subnet-0dfeee60658962f5b",
                            "map_public_ip_on_launch": "true",
                            "tags.%": "3",
                            "tags.Name": "production-public-1b_10.2.2.0",
                            "tags.environment": "production",
                            "tags.public": "true",
                            "vpc_id": "vpc-0dc8950f69cc2bb1d"
                        },
                        "meta": {
                            "schema_version": "1"
                        },
                        "tainted": false
                    },
                    "deposed": [],
                    "provider": "provider.aws"
                },
                "aws_subnet.public-subnet-1c": {
                    "type": "aws_subnet",
                    "depends_on": [
                        "aws_vpc.main",
                        "data.aws_availability_zones.available"
                    ],
                    "primary": {
                        "id": "subnet-014459588003e51d1",
                        "attributes": {
                            "arn": "arn:aws:ec2:eu-west-1:050543387869:subnet/subnet-014459588003e51d1",
                            "assign_ipv6_address_on_creation": "false",
                            "availability_zone": "eu-west-1c",
                            "cidr_block": "10.2.3.0/24",
                            "id": "subnet-014459588003e51d1",
                            "map_public_ip_on_launch": "true",
                            "tags.%": "3",
                            "tags.Name": "production-public-1c_10.2.3.0",
                            "tags.environment": "production",
                            "tags.public": "true",
                            "vpc_id": "vpc-0dc8950f69cc2bb1d"
                        },
                        "meta": {
                            "schema_version": "1"
                        },
                        "tainted": false
                    },
                    "deposed": [],
                    "provider": "provider.aws"
                },
                "aws_vpc.main": {
                    "type": "aws_vpc",
                    "depends_on": [],
                    "primary": {
                        "id": "vpc-0dc8950f69cc2bb1d",
                        "attributes": {
                            "arn": "arn:aws:ec2:eu-west-1:050543387869:vpc/vpc-0dc8950f69cc2bb1d",
                            "assign_generated_ipv6_cidr_block": "false",
                            "cidr_block": "10.2.0.0/16",
                            "default_network_acl_id": "acl-05076e5f396b85baf",
                            "default_route_table_id": "rtb-08510c483e55f90d6",
                            "default_security_group_id": "sg-077afc853a25d00da",
                            "dhcp_options_id": "dopt-e91a978f",
                            "enable_classiclink": "false",
                            "enable_classiclink_dns_support": "false",
                            "enable_dns_hostnames": "true",
                            "enable_dns_support": "true",
                            "id": "vpc-0dc8950f69cc2bb1d",
                            "instance_tenancy": "default",
                            "main_route_table_id": "rtb-08510c483e55f90d6",
                            "tags.%": "2",
                            "tags.Name": "production VPC",
                            "tags.environment": "production"
                        },
                        "meta": {
                            "schema_version": "1"
                        },
                        "tainted": false
                    },
                    "deposed": [],
                    "provider": "provider.aws"
                },
                "data.aws_ami.ecs-instance": {
                    "type": "aws_ami",
                    "depends_on": [],
                    "primary": {
                        "id": "ami-0af844a965e5738db",
                        "attributes": {
                            "architecture": "x86_64",
                            "block_device_mappings.#": "2",
                            "block_device_mappings.2538004115.device_name": "/dev/xvdcz",
                            "block_device_mappings.2538004115.ebs.%": "5",
                            "block_device_mappings.2538004115.ebs.delete_on_termination": "true",
                            "block_device_mappings.2538004115.ebs.encrypted": "false",
                            "block_device_mappings.2538004115.ebs.iops": "0",
                            "block_device_mappings.2538004115.ebs.volume_size": "22",
                            "block_device_mappings.2538004115.ebs.volume_type": "gp2",
                            "block_device_mappings.2538004115.no_device": "",
                            "block_device_mappings.2538004115.virtual_name": "",
                            "block_device_mappings.340275815.device_name": "/dev/xvda",
                            "block_device_mappings.340275815.ebs.%": "6",
                            "block_device_mappings.340275815.ebs.delete_on_termination": "true",
                            "block_device_mappings.340275815.ebs.encrypted": "false",
                            "block_device_mappings.340275815.ebs.iops": "0",
                            "block_device_mappings.340275815.ebs.snapshot_id": "snap-080f2cb010c98fce9",
                            "block_device_mappings.340275815.ebs.volume_size": "8",
                            "block_device_mappings.340275815.ebs.volume_type": "gp2",
                            "block_device_mappings.340275815.no_device": "",
                            "block_device_mappings.340275815.virtual_name": "",
                            "creation_date": "2018-08-13T19:09:49.000Z",
                            "description": "Amazon Linux AMI 2018.03.e x86_64 ECS HVM GP2",
                            "filter.#": "1",
                            "filter.866238749.name": "name",
                            "filter.866238749.values.#": "1",
                            "filter.866238749.values.0": "amzn-ami-2018.03.e-amazon-ecs-optimized",
                            "hypervisor": "xen",
                            "id": "ami-0af844a965e5738db",
                            "image_id": "ami-0af844a965e5738db",
                            "image_location": "amazon/amzn-ami-2018.03.e-amazon-ecs-optimized",
                            "image_owner_alias": "amazon",
                            "image_type": "machine",
                            "most_recent": "true",
                            "name": "amzn-ami-2018.03.e-amazon-ecs-optimized",
                            "owner_id": "591542846629",
                            "product_codes.#": "0",
                            "public": "true",
                            "root_device_name": "/dev/xvda",
                            "root_device_type": "ebs",
                            "root_snapshot_id": "snap-080f2cb010c98fce9",
                            "sriov_net_support": "simple",
                            "state": "available",
                            "state_reason.%": "2",
                            "state_reason.code": "UNSET",
                            "state_reason.message": "UNSET",
                            "tags.%": "0",
                            "virtualization_type": "hvm"
                        },
                        "meta": {},
                        "tainted": false
                    },
                    "deposed": [],
                    "provider": "provider.aws"
                },
                "data.aws_ami.ubuntu": {
                    "type": "aws_ami",
                    "depends_on": [],
                    "primary": {
                        "id": "ami-0181f8d9b6f098ec4",
                        "attributes": {
                            "architecture": "x86_64",
                            "block_device_mappings.#": "3",
                            "block_device_mappings.1634610537.device_name": "/dev/sdb",
                            "block_device_mappings.1634610537.ebs.%": "0",
                            "block_device_mappings.1634610537.no_device": "",
                            "block_device_mappings.1634610537.virtual_name": "ephemeral0",
                            "block_device_mappings.2547816212.device_name": "/dev/sda1",
                            "block_device_mappings.2547816212.ebs.%": "6",
                            "block_device_mappings.2547816212.ebs.delete_on_termination": "true",
                            "block_device_mappings.2547816212.ebs.encrypted": "false",
                            "block_device_mappings.2547816212.ebs.iops": "0",
                            "block_device_mappings.2547816212.ebs.snapshot_id": "snap-0738bf8b80cbb67ae",
                            "block_device_mappings.2547816212.ebs.volume_size": "8",
                            "block_device_mappings.2547816212.ebs.volume_type": "gp2",
                            "block_device_mappings.2547816212.no_device": "",
                            "block_device_mappings.2547816212.virtual_name": "",
                            "block_device_mappings.3850042718.device_name": "/dev/sdc",
                            "block_device_mappings.3850042718.ebs.%": "0",
                            "block_device_mappings.3850042718.no_device": "",
                            "block_device_mappings.3850042718.virtual_name": "ephemeral1",
                            "creation_date": "2018-08-15T12:39:07.000Z",
                            "description": "Canonical, Ubuntu, 16.04 LTS, amd64 xenial image build on 2018-08-14",
                            "filter.#": "2",
                            "filter.1585153008.name": "name",
                            "filter.1585153008.values.#": "1",
                            "filter.1585153008.values.0": "ubuntu/images/hvm-ssd/ubuntu-xenial-16.04-amd64-server-*",
                            "filter.490168357.name": "virtualization-type",
                            "filter.490168357.values.#": "1",
                            "filter.490168357.values.0": "hvm",
                            "hypervisor": "xen",
                            "id": "ami-0181f8d9b6f098ec4",
                            "image_id": "ami-0181f8d9b6f098ec4",
                            "image_location": "099720109477/ubuntu/images/hvm-ssd/ubuntu-xenial-16.04-amd64-server-20180814",
                            "image_type": "machine",
                            "most_recent": "true",
                            "name": "ubuntu/images/hvm-ssd/ubuntu-xenial-16.04-amd64-server-20180814",
                            "owner_id": "099720109477",
                            "owners.#": "1",
                            "owners.0": "099720109477",
                            "product_codes.#": "0",
                            "public": "true",
                            "root_device_name": "/dev/sda1",
                            "root_device_type": "ebs",
                            "root_snapshot_id": "snap-0738bf8b80cbb67ae",
                            "sriov_net_support": "simple",
                            "state": "available",
                            "state_reason.%": "2",
                            "state_reason.code": "UNSET",
                            "state_reason.message": "UNSET",
                            "tags.%": "0",
                            "virtualization_type": "hvm"
                        },
                        "meta": {},
                        "tainted": false
                    },
                    "deposed": [],
                    "provider": "provider.aws"
                },
                "data.aws_availability_zones.available": {
                    "type": "aws_availability_zones",
                    "depends_on": [],
                    "primary": {
                        "id": "2018-09-01 18:43:37.732087 +0000 UTC",
                        "attributes": {
                            "id": "2018-09-01 18:43:37.732087 +0000 UTC",
                            "names.#": "3",
                            "names.0": "eu-west-1a",
                            "names.1": "eu-west-1b",
                            "names.2": "eu-west-1c"
                        },
                        "meta": {},
                        "tainted": false
                    },
                    "deposed": [],
                    "provider": "provider.aws"
                },
                "data.aws_subnet_ids.private-subnets": {
                    "type": "aws_subnet_ids",
                    "depends_on": [
                        "aws_vpc.main"
                    ],
                    "primary": {
                        "id": "vpc-0dc8950f69cc2bb1d",
                        "attributes": {
                            "id": "vpc-0dc8950f69cc2bb1d",
                            "ids.#": "3",
                            "ids.1007219914": "subnet-00bd5d03a5cd965a3",
                            "ids.3878106277": "subnet-02d561250cc5e9e6a",
                            "ids.4194206065": "subnet-0333f20932953fde2",
                            "tags.%": "1",
                            "tags.public": "false",
                            "vpc_id": "vpc-0dc8950f69cc2bb1d"
                        },
                        "meta": {},
                        "tainted": false
                    },
                    "deposed": [],
                    "provider": "provider.aws"
                },
                "data.aws_subnet_ids.public-subnets": {
                    "type": "aws_subnet_ids",
                    "depends_on": [
                        "aws_vpc.main"
                    ],
                    "primary": {
                        "id": "vpc-0dc8950f69cc2bb1d",
                        "attributes": {
                            "id": "vpc-0dc8950f69cc2bb1d",
                            "ids.#": "3",
                            "ids.2151423460": "subnet-0dfeee60658962f5b",
                            "ids.3480686661": "subnet-0322a4c42e4a00b3b",
                            "ids.3706327276": "subnet-014459588003e51d1",
                            "tags.%": "1",
                            "tags.public": "true",
                            "vpc_id": "vpc-0dc8950f69cc2bb1d"
                        },
                        "meta": {},
                        "tainted": false
                    },
                    "deposed": [],
                    "provider": "provider.aws"
                },
                "data.template_file.user_data": {
                    "type": "template_file",
                    "depends_on": [],
                    "primary": {
                        "id": "39f842cace98a98d4c0ade80f4e854739b99aa5bc2874c9c079fcd08a10ab130",
                        "attributes": {
                            "id": "39f842cace98a98d4c0ade80f4e854739b99aa5bc2874c9c079fcd08a10ab130",
                            "rendered": "#!/bin/bash\necho ECS_CLUSTER=microservices-production \u003e\u003e /etc/ecs/ecs.config\necho ECS_BACKEND_HOST= \u003e\u003e /etc/ecs/ecs.config\necho ECS_AVAILABLE_LOGGING_DRIVERS='[\"json-file\",\"awslogs\"]' \u003e\u003e /etc/ecs/ecs.config\n",
                            "template": "#!/bin/bash\necho ECS_CLUSTER=${cluster_id} \u003e\u003e /etc/ecs/ecs.config\necho ECS_BACKEND_HOST= \u003e\u003e /etc/ecs/ecs.config\necho ECS_AVAILABLE_LOGGING_DRIVERS='[\"json-file\",\"awslogs\"]' \u003e\u003e /etc/ecs/ecs.config\n",
                            "vars.%": "1",
                            "vars.cluster_id": "microservices-production"
                        },
                        "meta": {},
                        "tainted": false
                    },
                    "deposed": [],
                    "provider": "provider.template"
                }
            },
            "depends_on": []
        }
    ]
}
